
Microsoft Visual Studio Solution File, Format Version 12.00
# Visual Studio 15
VisualStudioVersion = 15.0.27428.2027
MinimumVisualStudioVersion = 10.0.40219.1
Project("{8BC9CEB8-8B4A-11D0-8D11-00A0C91BC942}") = "deco", "deco.vcxproj", "{3AB64F45-A483-4BC1-8439-82B145A567E9}"
EndProject
Global
	GlobalSection(SolutionConfigurationPlatforms) = preSolution
		Debug|x64 = Debug|x64
		Debug|x86 = Debug|x86
		Release|x64 = Release|x64
		Release|x86 = Release|x86
	EndGlobalSection
	GlobalSection(ProjectConfigurationPlatforms) = postSolution
		{3AB64F45-A483-4BC1-8439-82B145A567E9}.Debug|x64.ActiveCfg = Debug|x64
		{3AB64F45-A483-4BC1-8439-82B145A567E9}.Debug|x64.Build.0 = Debug|x64
		{3AB64F45-A483-4BC1-8439-82B145A567E9}.Debug|x86.ActiveCfg = Debug|Win32
		{3AB64F45-A483-4BC1-8439-82B145A567E9}.Debug|x86.Build.0 = Debug|Win32
		{3AB64F45-A483-4BC1-8439-82B145A567E9}.Release|x64.ActiveCfg = Release|x64
		{3AB64F45-A483-4BC1-8439-82B145A567E9}.Release|x64.Build.0 = Release|x64
		{3AB64F45-A483-4BC1-8439-82B145A567E9}.Release|x86.ActiveCfg = Release|Win32
		{3AB64F45-A483-4BC1-8439-82B145A567E9}.Release|x86.Build.0 = Release|Win32
	EndGlobalSection
	GlobalSection(SolutionProperties) = preSolution
		HideSolutionNode = FALSE
	EndGlobalSection
	GlobalSection(ExtensibilityGlobals) = postSolution
		SolutionGuid = {05619073-10A9-4BE9-915F-218121D98D21}
	EndGlobalSection
EndGlobal
